
Microsoft Visual Studio Solution File, Format Version 12.00
# Visual Studio 14
VisualStudioVersion = 14.0.25420.1
MinimumVisualStudioVersion = 10.0.40219.1
Project("{FAE04EC0-301F-11D3-BF4B-00C04F79EFBC}") = "LightRAT", "LightRAT\LightRAT.csproj", "{84971962-1380-4F38-AF8F-63C99673AE57}"
EndProject
Project("{FAE04EC0-301F-11D3-BF4B-00C04F79EFBC}") = "LightRAT.Tests", "LightRAT.Tests\LightRAT.Tests.csproj", "{5298E275-1749-409B-A3F8-354227CDF485}"
EndProject
Global
	GlobalSection(SolutionConfigurationPlatforms) = preSolution
		Debug|Any CPU = Debug|Any CPU
		Debug|x86 = Debug|x86
		Release|Any CPU = Release|Any CPU
		Release|x86 = Release|x86
	EndGlobalSection
	GlobalSection(ProjectConfigurationPlatforms) = postSolution
		{84971962-1380-4F38-AF8F-63C99673AE57}.Debug|Any CPU.ActiveCfg = Debug|Any CPU
		{84971962-1380-4F38-AF8F-63C99673AE57}.Debug|Any CPU.Build.0 = Debug|Any CPU
		{84971962-1380-4F38-AF8F-63C99673AE57}.Debug|x86.ActiveCfg = Debug|Any CPU
		{84971962-1380-4F38-AF8F-63C99673AE57}.Debug|x86.Build.0 = Debug|Any CPU
		{84971962-1380-4F38-AF8F-63C99673AE57}.Release|Any CPU.ActiveCfg = Release|Any CPU
		{84971962-1380-4F38-AF8F-63C99673AE57}.Release|Any CPU.Build.0 = Release|Any CPU
		{84971962-1380-4F38-AF8F-63C99673AE57}.Release|x86.ActiveCfg = Release|Any CPU
		{84971962-1380-4F38-AF8F-63C99673AE57}.Release|x86.Build.0 = Release|Any CPU
		{5298E275-1749-409B-A3F8-354227CDF485}.Debug|Any CPU.ActiveCfg = Debug|Any CPU
		{5298E275-1749-409B-A3F8-354227CDF485}.Debug|Any CPU.Build.0 = Debug|Any CPU
		{5298E275-1749-409B-A3F8-354227CDF485}.Debug|x86.ActiveCfg = Debug|Any CPU
		{5298E275-1749-409B-A3F8-354227CDF485}.Debug|x86.Build.0 = Debug|Any CPU
		{5298E275-1749-409B-A3F8-354227CDF485}.Release|Any CPU.ActiveCfg = Release|Any CPU
		{5298E275-1749-409B-A3F8-354227CDF485}.Release|Any CPU.Build.0 = Release|Any CPU
		{5298E275-1749-409B-A3F8-354227CDF485}.Release|x86.ActiveCfg = Release|Any CPU
		{5298E275-1749-409B-A3F8-354227CDF485}.Release|x86.Build.0 = Release|Any CPU
	EndGlobalSection
	GlobalSection(SolutionProperties) = preSolution
		HideSolutionNode = FALSE
	EndGlobalSection
EndGlobal
